
Microsoft Visual Studio Solution File, Format Version 12.00
# Visual Studio Version 17
VisualStudioVersion = 17.8.34322.80
MinimumVisualStudioVersion = 10.0.40219.1
Project("{8BC9CEB8-8B4A-11D0-8D11-00A0C91BC942}") = "part 8", "part 8.vcxproj", "{17C6D378-94DA-4A80-98B5-B039C3657F6A}"
EndProject
Global
	GlobalSection(SolutionConfigurationPlatforms) = preSolution
		Debug|x64 = Debug|x64
		Debug|x86 = Debug|x86
		Release|x64 = Release|x64
		Release|x86 = Release|x86
	EndGlobalSection
	GlobalSection(ProjectConfigurationPlatforms) = postSolution
		{17C6D378-94DA-4A80-98B5-B039C3657F6A}.Debug|x64.ActiveCfg = Debug|x64
		{17C6D378-94DA-4A80-98B5-B039C3657F6A}.Debug|x64.Build.0 = Debug|x64
		{17C6D378-94DA-4A80-98B5-B039C3657F6A}.Debug|x86.ActiveCfg = Debug|Win32
		{17C6D378-94DA-4A80-98B5-B039C3657F6A}.Debug|x86.Build.0 = Debug|Win32
		{17C6D378-94DA-4A80-98B5-B039C3657F6A}.Release|x64.ActiveCfg = Release|x64
		{17C6D378-94DA-4A80-98B5-B039C3657F6A}.Release|x64.Build.0 = Release|x64
		{17C6D378-94DA-4A80-98B5-B039C3657F6A}.Release|x86.ActiveCfg = Release|Win32
		{17C6D378-94DA-4A80-98B5-B039C3657F6A}.Release|x86.Build.0 = Release|Win32
	EndGlobalSection
	GlobalSection(SolutionProperties) = preSolution
		HideSolutionNode = FALSE
	EndGlobalSection
	GlobalSection(ExtensibilityGlobals) = postSolution
		SolutionGuid = {E49E38C1-7B87-459E-B2F2-8382031CAE30}
	EndGlobalSection
EndGlobal
