
Microsoft Visual Studio Solution File, Format Version 12.00
# Visual Studio Version 17
VisualStudioVersion = 17.8.34322.80
MinimumVisualStudioVersion = 10.0.40219.1
Project("{8BC9CEB8-8B4A-11D0-8D11-00A0C91BC942}") = "part 14", "part 14.vcxproj", "{82870E0E-3A9C-40F7-9E59-A68571C579A7}"
EndProject
Global
	GlobalSection(SolutionConfigurationPlatforms) = preSolution
		Debug|x64 = Debug|x64
		Debug|x86 = Debug|x86
		Release|x64 = Release|x64
		Release|x86 = Release|x86
	EndGlobalSection
	GlobalSection(ProjectConfigurationPlatforms) = postSolution
		{82870E0E-3A9C-40F7-9E59-A68571C579A7}.Debug|x64.ActiveCfg = Debug|x64
		{82870E0E-3A9C-40F7-9E59-A68571C579A7}.Debug|x64.Build.0 = Debug|x64
		{82870E0E-3A9C-40F7-9E59-A68571C579A7}.Debug|x86.ActiveCfg = Debug|Win32
		{82870E0E-3A9C-40F7-9E59-A68571C579A7}.Debug|x86.Build.0 = Debug|Win32
		{82870E0E-3A9C-40F7-9E59-A68571C579A7}.Release|x64.ActiveCfg = Release|x64
		{82870E0E-3A9C-40F7-9E59-A68571C579A7}.Release|x64.Build.0 = Release|x64
		{82870E0E-3A9C-40F7-9E59-A68571C579A7}.Release|x86.ActiveCfg = Release|Win32
		{82870E0E-3A9C-40F7-9E59-A68571C579A7}.Release|x86.Build.0 = Release|Win32
	EndGlobalSection
	GlobalSection(SolutionProperties) = preSolution
		HideSolutionNode = FALSE
	EndGlobalSection
	GlobalSection(ExtensibilityGlobals) = postSolution
		SolutionGuid = {49A184A6-83AD-4113-A448-F83F9BA10D13}
	EndGlobalSection
EndGlobal
