
Microsoft Visual Studio Solution File, Format Version 12.00
# Visual Studio Version 17
VisualStudioVersion = 17.8.34322.80
MinimumVisualStudioVersion = 10.0.40219.1
Project("{8BC9CEB8-8B4A-11D0-8D11-00A0C91BC942}") = "part 14", "part 14.vcxproj", "{C4E1E237-FB01-434B-981B-414F917ABD20}"
EndProject
Global
	GlobalSection(SolutionConfigurationPlatforms) = preSolution
		Debug|x64 = Debug|x64
		Debug|x86 = Debug|x86
		Release|x64 = Release|x64
		Release|x86 = Release|x86
	EndGlobalSection
	GlobalSection(ProjectConfigurationPlatforms) = postSolution
		{C4E1E237-FB01-434B-981B-414F917ABD20}.Debug|x64.ActiveCfg = Debug|x64
		{C4E1E237-FB01-434B-981B-414F917ABD20}.Debug|x64.Build.0 = Debug|x64
		{C4E1E237-FB01-434B-981B-414F917ABD20}.Debug|x86.ActiveCfg = Debug|Win32
		{C4E1E237-FB01-434B-981B-414F917ABD20}.Debug|x86.Build.0 = Debug|Win32
		{C4E1E237-FB01-434B-981B-414F917ABD20}.Release|x64.ActiveCfg = Release|x64
		{C4E1E237-FB01-434B-981B-414F917ABD20}.Release|x64.Build.0 = Release|x64
		{C4E1E237-FB01-434B-981B-414F917ABD20}.Release|x86.ActiveCfg = Release|Win32
		{C4E1E237-FB01-434B-981B-414F917ABD20}.Release|x86.Build.0 = Release|Win32
	EndGlobalSection
	GlobalSection(SolutionProperties) = preSolution
		HideSolutionNode = FALSE
	EndGlobalSection
	GlobalSection(ExtensibilityGlobals) = postSolution
		SolutionGuid = {0C517D74-7123-41F3-89C3-44ADC2A572CC}
	EndGlobalSection
EndGlobal
